
Microsoft Visual Studio Solution File, Format Version 12.00
# Visual Studio 14
VisualStudioVersion = 14.0.25420.1
MinimumVisualStudioVersion = 10.0.40219.1
Project("{F184B08F-C81C-45F6-A57F-5ABD9991F28F}") = "Fees Collection", "Fees Collection\Fees Collection.vbproj", "{CF48E33B-E117-4819-864B-0A313D017A99}"
EndProject
Project("{54435603-DBB4-11D2-8724-00A0C9A8B90C}") = "Fees Payment", "Fees Payment\Fees Payment.vdproj", "{7AA7FC29-45A5-495E-A8A4-2C12187C952B}"
EndProject
Project("{54435603-DBB4-11D2-8724-00A0C9A8B90C}") = "FeesCollection", "FeesCollection\FeesCollection.vdproj", "{39989864-BF35-43AE-8B48-897BCD3C864D}"
EndProject
Global
	GlobalSection(SolutionConfigurationPlatforms) = preSolution
		Debug|Any CPU = Debug|Any CPU
		Release|Any CPU = Release|Any CPU
	EndGlobalSection
	GlobalSection(ProjectConfigurationPlatforms) = postSolution
		{CF48E33B-E117-4819-864B-0A313D017A99}.Debug|Any CPU.ActiveCfg = Debug|Any CPU
		{CF48E33B-E117-4819-864B-0A313D017A99}.Debug|Any CPU.Build.0 = Debug|Any CPU
		{CF48E33B-E117-4819-864B-0A313D017A99}.Release|Any CPU.ActiveCfg = Release|Any CPU
		{CF48E33B-E117-4819-864B-0A313D017A99}.Release|Any CPU.Build.0 = Release|Any CPU
		{7AA7FC29-45A5-495E-A8A4-2C12187C952B}.Debug|Any CPU.ActiveCfg = Debug
		{7AA7FC29-45A5-495E-A8A4-2C12187C952B}.Release|Any CPU.ActiveCfg = Release
		{39989864-BF35-43AE-8B48-897BCD3C864D}.Debug|Any CPU.ActiveCfg = Debug
		{39989864-BF35-43AE-8B48-897BCD3C864D}.Release|Any CPU.ActiveCfg = Release
	EndGlobalSection
	GlobalSection(SolutionProperties) = preSolution
		HideSolutionNode = FALSE
	EndGlobalSection
EndGlobal
